
Microsoft Visual Studio Solution File, Format Version 12.00
# Visual Studio Version 17
VisualStudioVersion = 17.7.34221.43
MinimumVisualStudioVersion = 10.0.40219.1
Project("{FAE04EC0-301F-11D3-BF4B-00C04F79EFBC}") = "Codility-MinPerimeterRectangle", "Codility-MinPerimeterRectangle\Codility-MinPerimeterRectangle.csproj", "{B8254CA2-3380-4A5A-B16C-647BC89F9633}"
EndProject
Project("{FAE04EC0-301F-11D3-BF4B-00C04F79EFBC}") = "Codility-MinPerimeterRectangleTests", "Codility-MinPerimeterRectangleTests\Codility-MinPerimeterRectangleTests.csproj", "{383EE9DF-93A2-4710-9B68-154AE0B1C3D8}"
EndProject
Global
	GlobalSection(SolutionConfigurationPlatforms) = preSolution
		Debug|Any CPU = Debug|Any CPU
		Release|Any CPU = Release|Any CPU
	EndGlobalSection
	GlobalSection(ProjectConfigurationPlatforms) = postSolution
		{B8254CA2-3380-4A5A-B16C-647BC89F9633}.Debug|Any CPU.ActiveCfg = Debug|Any CPU
		{B8254CA2-3380-4A5A-B16C-647BC89F9633}.Debug|Any CPU.Build.0 = Debug|Any CPU
		{B8254CA2-3380-4A5A-B16C-647BC89F9633}.Release|Any CPU.ActiveCfg = Release|Any CPU
		{B8254CA2-3380-4A5A-B16C-647BC89F9633}.Release|Any CPU.Build.0 = Release|Any CPU
		{383EE9DF-93A2-4710-9B68-154AE0B1C3D8}.Debug|Any CPU.ActiveCfg = Debug|Any CPU
		{383EE9DF-93A2-4710-9B68-154AE0B1C3D8}.Debug|Any CPU.Build.0 = Debug|Any CPU
		{383EE9DF-93A2-4710-9B68-154AE0B1C3D8}.Release|Any CPU.ActiveCfg = Release|Any CPU
		{383EE9DF-93A2-4710-9B68-154AE0B1C3D8}.Release|Any CPU.Build.0 = Release|Any CPU
	EndGlobalSection
	GlobalSection(SolutionProperties) = preSolution
		HideSolutionNode = FALSE
	EndGlobalSection
	GlobalSection(ExtensibilityGlobals) = postSolution
		SolutionGuid = {19DEE364-88E2-4589-ADBB-DDA0BB06F82D}
	EndGlobalSection
EndGlobal
